<?xml version="1.0" encoding="utf-8"?>
<Project ToolsVersion="4.0" xmlns="http://schemas.microsoft.com/developer/msbuild/2003">
  <ItemGroup>
    <Filter Include="Source Files">
      <UniqueIdentifier>{4FC737F1-C7A5-4376-A066-2A32D752A2FF}</UniqueIdentifier>
      <Extensions>cpp;c;cc;cxx;c++;def;odl;idl;hpj;bat;asm;asmx</Extensions>
    </Filter>
    <Filter Include="Header Files">
      <UniqueIdentifier>{93995380-89BD-4b04-88EB-625FBE52EBFB}</UniqueIdentifier>
      <Extensions>h;hh;hpp;hxx;h++;hm;inl;inc;ipp;xsd</Extensions>
    </Filter>
    <Filter Include="Resource Files">
      <UniqueIdentifier>{67DA6AB6-F800-4c08-8B7A-83BB121AAD01}</UniqueIdentifier>
      <Extensions>rc;ico;cur;bmp;dlg;rc2;rct;bin;rgs;gif;jpg;jpeg;jpe;resx;tiff;tif;png;wav;mfcribbon-ms</Extensions>
    </Filter>
    <Filter Include="Solved">
      <UniqueIdentifier>{0f8b0ff5-f002-49ec-b9ec-a3c4c99e51fa}</UniqueIdentifier>
    </Filter>
    <Filter Include="Unsolved">
      <UniqueIdentifier>{d643fe9b-4e76-40b6-9b6c-889a6013e277}</UniqueIdentifier>
    </Filter>
    <Filter Include="Tests">
      <UniqueIdentifier>{43a8234e-8286-4acc-82f1-10f47cdab083}</UniqueIdentifier>
    </Filter>
  </ItemGroup>
  <ItemGroup>
    <ClCompile Include="main.cpp">
      <Filter>Source Files</Filter>
    </ClCompile>
    <ClCompile Include="pb_grid_unsolved.cpp">
      <Filter>Solved</Filter>
    </ClCompile>
    <ClCompile Include="pb_weird_algo.cpp">
      <Filter>Solved</Filter>
    </ClCompile>
    <ClCompile Include="pb_missing_number.cpp">
      <Filter>Solved</Filter>
    </ClCompile>
    <ClCompile Include="pb_repetitions.cpp">
      <Filter>Solved</Filter>
    </ClCompile>
    <ClCompile Include="pb_increasing_array.cpp">
      <Filter>Solved</Filter>
    </ClCompile>
    <ClCompile Include="pb_permutations.cpp">
      <Filter>Solved</Filter>
    </ClCompile>
    <ClCompile Include="pb_number_spiral.cpp">
      <Filter>Solved</Filter>
    </ClCompile>
    <ClCompile Include="pb_two_kinghts.cpp">
      <Filter>Solved</Filter>
    </ClCompile>
    <ClCompile Include="pb_two_sets.cpp">
      <Filter>Solved</Filter>
    </ClCompile>
    <ClCompile Include="pb_bit_strings.cpp">
      <Filter>Solved</Filter>
    </ClCompile>
    <ClCompile Include="pb_trailing_zeros.cpp">
      <Filter>Solved</Filter>
    </ClCompile>
    <ClCompile Include="pb_coin_piles.cpp">
      <Filter>Solved</Filter>
    </ClCompile>
    <ClCompile Include="pb_palyndrome_reorder.cpp">
      <Filter>Solved</Filter>
    </ClCompile>
    <ClCompile Include="pb_create_string_i.cpp">
      <Filter>Solved</Filter>
    </ClCompile>
    <ClCompile Include="pb_apple_division.cpp">
      <Filter>Solved</Filter>
    </ClCompile>
    <ClCompile Include="pb_chessboard_and_queens.cpp">
      <Filter>Solved</Filter>
    </ClCompile>
    <ClCompile Include="pb_distinct_numbers.cpp">
      <Filter>Solved</Filter>
    </ClCompile>
    <ClCompile Include="pb_resturant_customers.cpp">
      <Filter>Solved</Filter>
    </ClCompile>
    <ClCompile Include="tester_grid.cpp">
      <Filter>Unsolved</Filter>
    </ClCompile>
    <ClCompile Include="pb_sum_two_values.cpp">
      <Filter>Solved</Filter>
    </ClCompile>
    <ClCompile Include="test_split.cpp">
      <Filter>Tests</Filter>
    </ClCompile>
    <ClCompile Include="pb_stick_lengths.cpp">
      <Filter>Solved</Filter>
    </ClCompile>
    <ClCompile Include="pb_ferris_wheel.cpp">
      <Filter>Solved</Filter>
    </ClCompile>
    <ClCompile Include="pb_towers.cpp">
      <Filter>Solved</Filter>
    </ClCompile>
    <ClCompile Include="pb_traffic_lights.cpp">
      <Filter>Solved</Filter>
    </ClCompile>
    <ClCompile Include="pb_room_alloc.cpp">
      <Filter>Solved</Filter>
    </ClCompile>
    <ClCompile Include="pb_machine_factory.cpp">
      <Filter>Solved</Filter>
    </ClCompile>
    <ClCompile Include="pb_tasks_and_dealine.cpp">
      <Filter>Solved</Filter>
    </ClCompile>
    <ClCompile Include="pb_reading_books.cpp">
      <Filter>Solved</Filter>
    </ClCompile>
    <ClCompile Include="pb_three_values.cpp">
      <Filter>Solved</Filter>
    </ClCompile>
    <ClCompile Include="pb_4_values.cpp">
      <Filter>Solved</Filter>
    </ClCompile>
    <ClCompile Include="pb_nearest_value.cpp">
      <Filter>Solved</Filter>
    </ClCompile>
    <ClCompile Include="pb_subarray_sum1.cpp">
      <Filter>Solved</Filter>
    </ClCompile>
    <ClCompile Include="pb_max_subarray_sum.cpp">
      <Filter>Solved</Filter>
    </ClCompile>
    <ClCompile Include="pb_sum_array_sum2.cpp">
      <Filter>Solved</Filter>
    </ClCompile>
    <ClCompile Include="pb_subarray_div.cpp">
      <Filter>Solved</Filter>
    </ClCompile>
    <ClCompile Include="array_division.cpp">
      <Filter>Unsolved</Filter>
    </ClCompile>
    <ClCompile Include="pb_sliding_median.cpp">
      <Filter>Solved</Filter>
    </ClCompile>
  </ItemGroup>
  <ItemGroup>
    <Text Include="input.txt" />
    <Text Include="Todo.txt">
      <Filter>Source Files</Filter>
    </Text>
  </ItemGroup>
</Project>